// !$*UTF8*$!
{
	archiveVersion = 1;
	classes = {
	};
	objectVersion = 56;
	objects = {

/* Begin PBXBuildFile section */
		447AB8A32B8603490027EDC1 /* VegSightsApp.swift in Sources */ = {isa = PBXBuildFile; fileRef = 447AB8A22B8603490027EDC1 /* VegSightsApp.swift */; };
		447AB8A52B8603490027EDC1 /* ContentView.swift in Sources */ = {isa = PBXBuildFile; fileRef = 447AB8A42B8603490027EDC1 /* ContentView.swift */; };
		447AB8A72B86034B0027EDC1 /* Assets.xcassets in Resources */ = {isa = PBXBuildFile; fileRef = 447AB8A62B86034B0027EDC1 /* Assets.xcassets */; };
		447AB8AA2B86034B0027EDC1 /* Preview Assets.xcassets in Resources */ = {isa = PBXBuildFile; fileRef = 447AB8A92B86034B0027EDC1 /* Preview Assets.xcassets */; };
		447AB8B12B873E5F0027EDC1 /* ModalView.swift in Sources */ = {isa = PBXBuildFile; fileRef = 447AB8B02B873E5F0027EDC1 /* ModalView.swift */; };
		447AB8B32B873E690027EDC1 /* ScanView.swift in Sources */ = {isa = PBXBuildFile; fileRef = 447AB8B22B873E690027EDC1 /* ScanView.swift */; };
		447AB8B92B873F550027EDC1 /* ListModel.swift in Sources */ = {isa = PBXBuildFile; fileRef = 447AB8B82B873F550027EDC1 /* ListModel.swift */; };
		447AB8BF2B8C944C0027EDC1 /* ResultView.swift in Sources */ = {isa = PBXBuildFile; fileRef = 447AB8BE2B8C944C0027EDC1 /* ResultView.swift */; };
		E6FB450E2B8747A4000D3559 /* AddListView.swift in Sources */ = {isa = PBXBuildFile; fileRef = E6FB450D2B8747A4000D3559 /* AddListView.swift */; };
		E6FB45102B8747D3000D3559 /* ListItemView.swift in Sources */ = {isa = PBXBuildFile; fileRef = E6FB450F2B8747D3000D3559 /* ListItemView.swift */; };
		E6FB45122B87480D000D3559 /* CheckMarkView.swift in Sources */ = {isa = PBXBuildFile; fileRef = E6FB45112B87480D000D3559 /* CheckMarkView.swift */; };
/* End PBXBuildFile section */

/* Begin PBXFileReference section */
		444720EC2B8C9C5300A8EC81 /* Info.plist */ = {isa = PBXFileReference; lastKnownFileType = text.plist; path = Info.plist; sourceTree = "<group>"; };
		447AB89F2B8603490027EDC1 /* VegSights.app */ = {isa = PBXFileReference; explicitFileType = wrapper.application; includeInIndex = 0; path = VegSights.app; sourceTree = BUILT_PRODUCTS_DIR; };
		447AB8A22B8603490027EDC1 /* VegSightsApp.swift */ = {isa = PBXFileReference; lastKnownFileType = sourcecode.swift; path = VegSightsApp.swift; sourceTree = "<group>"; };
		447AB8A42B8603490027EDC1 /* ContentView.swift */ = {isa = PBXFileReference; lastKnownFileType = sourcecode.swift; path = ContentView.swift; sourceTree = "<group>"; };
		447AB8A62B86034B0027EDC1 /* Assets.xcassets */ = {isa = PBXFileReference; lastKnownFileType = folder.assetcatalog; path = Assets.xcassets; sourceTree = "<group>"; };
		447AB8A92B86034B0027EDC1 /* Preview Assets.xcassets */ = {isa = PBXFileReference; lastKnownFileType = folder.assetcatalog; path = "Preview Assets.xcassets"; sourceTree = "<group>"; };
		447AB8B02B873E5F0027EDC1 /* ModalView.swift */ = {isa = PBXFileReference; lastKnownFileType = sourcecode.swift; path = ModalView.swift; sourceTree = "<group>"; };
		447AB8B22B873E690027EDC1 /* ScanView.swift */ = {isa = PBXFileReference; lastKnownFileType = sourcecode.swift; path = ScanView.swift; sourceTree = "<group>"; };
		447AB8B82B873F550027EDC1 /* ListModel.swift */ = {isa = PBXFileReference; lastKnownFileType = sourcecode.swift; path = ListModel.swift; sourceTree = "<group>"; };
		447AB8BE2B8C944C0027EDC1 /* ResultView.swift */ = {isa = PBXFileReference; lastKnownFileType = sourcecode.swift; path = ResultView.swift; sourceTree = "<group>"; };
		E6FB450D2B8747A4000D3559 /* AddListView.swift */ = {isa = PBXFileReference; lastKnownFileType = sourcecode.swift; path = AddListView.swift; sourceTree = "<group>"; };
		E6FB450F2B8747D3000D3559 /* ListItemView.swift */ = {isa = PBXFileReference; lastKnownFileType = sourcecode.swift; path = ListItemView.swift; sourceTree = "<group>"; };
		E6FB45112B87480D000D3559 /* CheckMarkView.swift */ = {isa = PBXFileReference; lastKnownFileType = sourcecode.swift; path = CheckMarkView.swift; sourceTree = "<group>"; };
/* End PBXFileReference section */

/* Begin PBXFrameworksBuildPhase section */
		447AB89C2B8603490027EDC1 /* Frameworks */ = {
			isa = PBXFrameworksBuildPhase;
			buildActionMask = 2147483647;
			files = (
			);
			runOnlyForDeploymentPostprocessing = 0;
		};
/* End PBXFrameworksBuildPhase section */

/* Begin PBXGroup section */
		447AB8962B8603490027EDC1 = {
			isa = PBXGroup;
			children = (
				447AB8A12B8603490027EDC1 /* VegSights */,
				447AB8A02B8603490027EDC1 /* Products */,
			);
			sourceTree = "<group>";
		};
		447AB8A02B8603490027EDC1 /* Products */ = {
			isa = PBXGroup;
			children = (
				447AB89F2B8603490027EDC1 /* VegSights.app */,
			);
			name = Products;
			sourceTree = "<group>";
		};
		447AB8A12B8603490027EDC1 /* VegSights */ = {
			isa = PBXGroup;
			children = (
				444720EC2B8C9C5300A8EC81 /* Info.plist */,
				447AB8A22B8603490027EDC1 /* VegSightsApp.swift */,
				447AB8B42B873E730027EDC1 /* Views */,
				447AB8B52B873E880027EDC1 /* Model */,
				447AB8A62B86034B0027EDC1 /* Assets.xcassets */,
				447AB8A82B86034B0027EDC1 /* Preview Content */,
			);
			path = VegSights;
			sourceTree = "<group>";
		};
		447AB8A82B86034B0027EDC1 /* Preview Content */ = {
			isa = PBXGroup;
			children = (
				447AB8A92B86034B0027EDC1 /* Preview Assets.xcassets */,
			);
			path = "Preview Content";
			sourceTree = "<group>";
		};
		447AB8B42B873E730027EDC1 /* Views */ = {
			isa = PBXGroup;
			children = (
				447AB8A42B8603490027EDC1 /* ContentView.swift */,
				447AB8B02B873E5F0027EDC1 /* ModalView.swift */,
				E6FB450F2B8747D3000D3559 /* ListItemView.swift */,
				E6FB45112B87480D000D3559 /* CheckMarkView.swift */,
				E6FB450D2B8747A4000D3559 /* AddListView.swift */,
				447AB8B22B873E690027EDC1 /* ScanView.swift */,
				447AB8BE2B8C944C0027EDC1 /* ResultView.swift */,
			);
			path = Views;
			sourceTree = "<group>";
		};
		447AB8B52B873E880027EDC1 /* Model */ = {
			isa = PBXGroup;
			children = (
				447AB8B82B873F550027EDC1 /* ListModel.swift */,
			);
			path = Model;
			sourceTree = "<group>";
		};
/* End PBXGroup section */

/* Begin PBXNativeTarget section */
		447AB89E2B8603490027EDC1 /* VegSights */ = {
			isa = PBXNativeTarget;
			buildConfigurationList = 447AB8AD2B86034B0027EDC1 /* Build configuration list for PBXNativeTarget "VegSights" */;
			buildPhases = (
				447AB89B2B8603490027EDC1 /* Sources */,
				447AB89C2B8603490027EDC1 /* Frameworks */,
				447AB89D2B8603490027EDC1 /* Resources */,
			);
			buildRules = (
			);
			dependencies = (
			);
			name = VegSights;
			productName = VegSights;
			productReference = 447AB89F2B8603490027EDC1 /* VegSights.app */;
			productType = "com.apple.product-type.application";
		};
/* End PBXNativeTarget section */

/* Begin PBXProject section */
		447AB8972B8603490027EDC1 /* Project object */ = {
			isa = PBXProject;
			attributes = {
				BuildIndependentTargetsInParallel = 1;
				LastSwiftUpdateCheck = 1500;
				LastUpgradeCheck = 1500;
				TargetAttributes = {
					447AB89E2B8603490027EDC1 = {
						CreatedOnToolsVersion = 15.0;
					};
				};
			};
			buildConfigurationList = 447AB89A2B8603490027EDC1 /* Build configuration list for PBXProject "VegSights" */;
			compatibilityVersion = "Xcode 14.0";
			developmentRegion = en;
			hasScannedForEncodings = 0;
			knownRegions = (
				en,
				Base,
			);
			mainGroup = 447AB8962B8603490027EDC1;
			productRefGroup = 447AB8A02B8603490027EDC1 /* Products */;
			projectDirPath = "";
			projectRoot = "";
			targets = (
				447AB89E2B8603490027EDC1 /* VegSights */,
			);
		};
/* End PBXProject section */

/* Begin PBXResourcesBuildPhase section */
		447AB89D2B8603490027EDC1 /* Resources */ = {
			isa = PBXResourcesBuildPhase;
			buildActionMask = 2147483647;
			files = (
				447AB8AA2B86034B0027EDC1 /* Preview Assets.xcassets in Resources */,
				447AB8A72B86034B0027EDC1 /* Assets.xcassets in Resources */,
			);
			runOnlyForDeploymentPostprocessing = 0;
		};
/* End PBXResourcesBuildPhase section */

/* Begin PBXSourcesBuildPhase section */
		447AB89B2B8603490027EDC1 /* Sources */ = {
			isa = PBXSourcesBuildPhase;
			buildActionMask = 2147483647;
			files = (
				E6FB45122B87480D000D3559 /* CheckMarkView.swift in Sources */,
				E6FB45102B8747D3000D3559 /* ListItemView.swift in Sources */,
				447AB8BF2B8C944C0027EDC1 /* ResultView.swift in Sources */,
				447AB8B12B873E5F0027EDC1 /* ModalView.swift in Sources */,
				447AB8B32B873E690027EDC1 /* ScanView.swift in Sources */,
				E6FB450E2B8747A4000D3559 /* AddListView.swift in Sources */,
				447AB8B92B873F550027EDC1 /* ListModel.swift in Sources */,
				447AB8A52B8603490027EDC1 /* ContentView.swift in Sources */,
				447AB8A32B8603490027EDC1 /* VegSightsApp.swift in Sources */,
			);
			runOnlyForDeploymentPostprocessing = 0;
		};
/* End PBXSourcesBuildPhase section */

/* Begin XCBuildConfiguration section */
		447AB8AB2B86034B0027EDC1 /* Debug */ = {
			isa = XCBuildConfiguration;
			buildSettings = {
				ALWAYS_SEARCH_USER_PATHS = NO;
				ASSETCATALOG_COMPILER_GENERATE_SWIFT_ASSET_SYMBOL_EXTENSIONS = YES;
				CLANG_ANALYZER_NONNULL = YES;
				CLANG_ANALYZER_NUMBER_OBJECT_CONVERSION = YES_AGGRESSIVE;
				CLANG_CXX_LANGUAGE_STANDARD = "gnu++20";
				CLANG_ENABLE_MODULES = YES;
				CLANG_ENABLE_OBJC_ARC = YES;
				CLANG_ENABLE_OBJC_WEAK = YES;
				CLANG_WARN_BLOCK_CAPTURE_AUTORELEASING = YES;
				CLANG_WARN_BOOL_CONVERSION = YES;
				CLANG_WARN_COMMA = YES;
				CLANG_WARN_CONSTANT_CONVERSION = YES;
				CLANG_WARN_DEPRECATED_OBJC_IMPLEMENTATIONS = YES;
				CLANG_WARN_DIRECT_OBJC_ISA_USAGE = YES_ERROR;
				CLANG_WARN_DOCUMENTATION_COMMENTS = YES;
				CLANG_WARN_EMPTY_BODY = YES;
				CLANG_WARN_ENUM_CONVERSION = YES;
				CLANG_WARN_INFINITE_RECURSION = YES;
				CLANG_WARN_INT_CONVERSION = YES;
				CLANG_WARN_NON_LITERAL_NULL_CONVERSION = YES;
				CLANG_WARN_OBJC_IMPLICIT_RETAIN_SELF = YES;
				CLANG_WARN_OBJC_LITERAL_CONVERSION = YES;
				CLANG_WARN_OBJC_ROOT_CLASS = YES_ERROR;
				CLANG_WARN_QUOTED_INCLUDE_IN_FRAMEWORK_HEADER = YES;
				CLANG_WARN_RANGE_LOOP_ANALYSIS = YES;
				CLANG_WARN_STRICT_PROTOTYPES = YES;
				CLANG_WARN_SUSPICIOUS_MOVE = YES;
				CLANG_WARN_UNGUARDED_AVAILABILITY = YES_AGGRESSIVE;
				CLANG_WARN_UNREACHABLE_CODE = YES;
				CLANG_WARN__DUPLICATE_METHOD_MATCH = YES;
				COPY_PHASE_STRIP = NO;
				DEBUG_INFORMATION_FORMAT = dwarf;
				ENABLE_STRICT_OBJC_MSGSEND = YES;
				ENABLE_TESTABILITY = YES;
				ENABLE_USER_SCRIPT_SANDBOXING = YES;
				GCC_C_LANGUAGE_STANDARD = gnu17;
				GCC_DYNAMIC_NO_PIC = NO;
				GCC_NO_COMMON_BLOCKS = YES;
				GCC_OPTIMIZATION_LEVEL = 0;
				GCC_PREPROCESSOR_DEFINITIONS = (
					"DEBUG=1",
					"$(inherited)",
				);
				GCC_WARN_64_TO_32_BIT_CONVERSION = YES;
				GCC_WARN_ABOUT_RETURN_TYPE = YES_ERROR;
				GCC_WARN_UNDECLARED_SELECTOR = YES;
				GCC_WARN_UNINITIALIZED_AUTOS = YES_AGGRESSIVE;
				GCC_WARN_UNUSED_FUNCTION = YES;
				GCC_WARN_UNUSED_VARIABLE = YES;
				IPHONEOS_DEPLOYMENT_TARGET = 17.0;
				LOCALIZATION_PREFERS_STRING_CATALOGS = YES;
				MTL_ENABLE_DEBUG_INFO = INCLUDE_SOURCE;
				MTL_FAST_MATH = YES;
				ONLY_ACTIVE_ARCH = YES;
				SDKROOT = iphoneos;
				SWIFT_ACTIVE_COMPILATION_CONDITIONS = "DEBUG $(inherited)";
				SWIFT_OPTIMIZATION_LEVEL = "-Onone";
			};
			name = Debug;
		};
		447AB8AC2B86034B0027EDC1 /* Release */ = {
			isa = XCBuildConfiguration;
			buildSettings = {
				ALWAYS_SEARCH_USER_PATHS = NO;
				ASSETCATALOG_COMPILER_GENERATE_SWIFT_ASSET_SYMBOL_EXTENSIONS = YES;
				CLANG_ANALYZER_NONNULL = YES;
				CLANG_ANALYZER_NUMBER_OBJECT_CONVERSION = YES_AGGRESSIVE;
				CLANG_CXX_LANGUAGE_STANDARD = "gnu++20";
				CLANG_ENABLE_MODULES = YES;
				CLANG_ENABLE_OBJC_ARC = YES;
				CLANG_ENABLE_OBJC_WEAK = YES;
				CLANG_WARN_BLOCK_CAPTURE_AUTORELEASING = YES;
				CLANG_WARN_BOOL_CONVERSION = YES;
				CLANG_WARN_COMMA = YES;
				CLANG_WARN_CONSTANT_CONVERSION = YES;
				CLANG_WARN_DEPRECATED_OBJC_IMPLEMENTATIONS = YES;
				CLANG_WARN_DIRECT_OBJC_ISA_USAGE = YES_ERROR;
				CLANG_WARN_DOCUMENTATION_COMMENTS = YES;
				CLANG_WARN_EMPTY_BODY = YES;
				CLANG_WARN_ENUM_CONVERSION = YES;
				CLANG_WARN_INFINITE_RECURSION = YES;
				CLANG_WARN_INT_CONVERSION = YES;
				CLANG_WARN_NON_LITERAL_NULL_CONVERSION = YES;
				CLANG_WARN_OBJC_IMPLICIT_RETAIN_SELF = YES;
				CLANG_WARN_OBJC_LITERAL_CONVERSION = YES;
				CLANG_WARN_OBJC_ROOT_CLASS = YES_ERROR;
				CLANG_WARN_QUOTED_INCLUDE_IN_FRAMEWORK_HEADER = YES;
				CLANG_WARN_RANGE_LOOP_ANALYSIS = YES;
				CLANG_WARN_STRICT_PROTOTYPES = YES;
				CLANG_WARN_SUSPICIOUS_MOVE = YES;
				CLANG_WARN_UNGUARDED_AVAILABILITY = YES_AGGRESSIVE;
				CLANG_WARN_UNREACHABLE_CODE = YES;
				CLANG_WARN__DUPLICATE_METHOD_MATCH = YES;
				COPY_PHASE_STRIP = NO;
				DEBUG_INFORMATION_FORMAT = "dwarf-with-dsym";
				ENABLE_NS_ASSERTIONS = NO;
				ENABLE_STRICT_OBJC_MSGSEND = YES;
				ENABLE_USER_SCRIPT_SANDBOXING = YES;
				GCC_C_LANGUAGE_STANDARD = gnu17;
				GCC_NO_COMMON_BLOCKS = YES;
				GCC_WARN_64_TO_32_BIT_CONVERSION = YES;
				GCC_WARN_ABOUT_RETURN_TYPE = YES_ERROR;
				GCC_WARN_UNDECLARED_SELECTOR = YES;
				GCC_WARN_UNINITIALIZED_AUTOS = YES_AGGRESSIVE;
				GCC_WARN_UNUSED_FUNCTION = YES;
				GCC_WARN_UNUSED_VARIABLE = YES;
				IPHONEOS_DEPLOYMENT_TARGET = 17.0;
				LOCALIZATION_PREFERS_STRING_CATALOGS = YES;
				MTL_ENABLE_DEBUG_INFO = NO;
				MTL_FAST_MATH = YES;
				SDKROOT = iphoneos;
				SWIFT_COMPILATION_MODE = wholemodule;
				VALIDATE_PRODUCT = YES;
			};
			name = Release;
		};
		447AB8AE2B86034B0027EDC1 /* Debug */ = {
			isa = XCBuildConfiguration;
			buildSettings = {
				ASSETCATALOG_COMPILER_APPICON_NAME = AppIcon;
				ASSETCATALOG_COMPILER_GLOBAL_ACCENT_COLOR_NAME = AccentColor;
				CODE_SIGN_STYLE = Automatic;
				CURRENT_PROJECT_VERSION = 1;
				DEVELOPMENT_ASSET_PATHS = "\"VegSights/Preview Content\"";
				DEVELOPMENT_TEAM = BTQA234622;
				ENABLE_PREVIEWS = YES;
				GENERATE_INFOPLIST_FILE = YES;
				INFOPLIST_FILE = VegSights/Info.plist;
				INFOPLIST_KEY_NSCameraUsageDescription = "We need the usage of camera!";
				INFOPLIST_KEY_UIApplicationSceneManifest_Generation = YES;
				INFOPLIST_KEY_UIApplicationSupportsIndirectInputEvents = YES;
				INFOPLIST_KEY_UILaunchScreen_Generation = YES;
				INFOPLIST_KEY_UISupportedInterfaceOrientations_iPad = "UIInterfaceOrientationPortrait UIInterfaceOrientationPortraitUpsideDown UIInterfaceOrientationLandscapeLeft UIInterfaceOrientationLandscapeRight";
				INFOPLIST_KEY_UISupportedInterfaceOrientations_iPhone = "UIInterfaceOrientationPortrait UIInterfaceOrientationLandscapeLeft UIInterfaceOrientationLandscapeRight";
				LD_RUNPATH_SEARCH_PATHS = (
					"$(inherited)",
					"@executable_path/Frameworks",
				);
				MARKETING_VERSION = 1.0;
				PRODUCT_BUNDLE_IDENTIFIER = com.luigipenza.VegSights;
				PRODUCT_NAME = "$(TARGET_NAME)";
				SWIFT_EMIT_LOC_STRINGS = YES;
				SWIFT_VERSION = 5.0;
				TARGETED_DEVICE_FAMILY = "1,2";
			};
			name = Debug;
		};
		447AB8AF2B86034B0027EDC1 /* Release */ = {
			isa = XCBuildConfiguration;
			buildSettings = {
				ASSETCATALOG_COMPILER_APPICON_NAME = AppIcon;
				ASSETCATALOG_COMPILER_GLOBAL_ACCENT_COLOR_NAME = AccentColor;
				CODE_SIGN_STYLE = Automatic;
				CURRENT_PROJECT_VERSION = 1;
				DEVELOPMENT_ASSET_PATHS = "\"VegSights/Preview Content\"";
				DEVELOPMENT_TEAM = BTQA234622;
				ENABLE_PREVIEWS = YES;
				GENERATE_INFOPLIST_FILE = YES;
				INFOPLIST_FILE = VegSights/Info.plist;
				INFOPLIST_KEY_NSCameraUsageDescription = "We need the usage of camera!";
				INFOPLIST_KEY_UIApplicationSceneManifest_Generation = YES;
				INFOPLIST_KEY_UIApplicationSupportsIndirectInputEvents = YES;
				INFOPLIST_KEY_UILaunchScreen_Generation = YES;
				INFOPLIST_KEY_UISupportedInterfaceOrientations_iPad = "UIInterfaceOrientationPortrait UIInterfaceOrientationPortraitUpsideDown UIInterfaceOrientationLandscapeLeft UIInterfaceOrientationLandscapeRight";
				INFOPLIST_KEY_UISupportedInterfaceOrientations_iPhone = "UIInterfaceOrientationPortrait UIInterfaceOrientationLandscapeLeft UIInterfaceOrientationLandscapeRight";
				LD_RUNPATH_SEARCH_PATHS = (
					"$(inherited)",
					"@executable_path/Frameworks",
				);
				MARKETING_VERSION = 1.0;
				PRODUCT_BUNDLE_IDENTIFIER = com.luigipenza.VegSights;
				PRODUCT_NAME = "$(TARGET_NAME)";
				SWIFT_EMIT_LOC_STRINGS = YES;
				SWIFT_VERSION = 5.0;
				TARGETED_DEVICE_FAMILY = "1,2";
			};
			name = Release;
		};
/* End XCBuildConfiguration section */

/* Begin XCConfigurationList section */
		447AB89A2B8603490027EDC1 /* Build configuration list for PBXProject "VegSights" */ = {
			isa = XCConfigurationList;
			buildConfigurations = (
				447AB8AB2B86034B0027EDC1 /* Debug */,
				447AB8AC2B86034B0027EDC1 /* Release */,
			);
			defaultConfigurationIsVisible = 0;
			defaultConfigurationName = Release;
		};
		447AB8AD2B86034B0027EDC1 /* Build configuration list for PBXNativeTarget "VegSights" */ = {
			isa = XCConfigurationList;
			buildConfigurations = (
				447AB8AE2B86034B0027EDC1 /* Debug */,
				447AB8AF2B86034B0027EDC1 /* Release */,
			);
			defaultConfigurationIsVisible = 0;
			defaultConfigurationName = Release;
		};
/* End XCConfigurationList section */
	};
	rootObject = 447AB8972B8603490027EDC1 /* Project object */;
}
